// !$*UTF8*$!
{
	archiveVersion = 1;
	classes = {
	};
	objectVersion = 56;
	objects = {

/* Begin PBXBuildFile section */
		7DBE627F28F546640014B8C2 /* SpriteKitBoardGameApp.swift in Sources */ = {isa = PBXBuildFile; fileRef = 7DBE627E28F546640014B8C2 /* SpriteKitBoardGameApp.swift */; };
		7DBE628128F546640014B8C2 /* ContentView.swift in Sources */ = {isa = PBXBuildFile; fileRef = 7DBE628028F546640014B8C2 /* ContentView.swift */; };
		7DBE628328F546660014B8C2 /* Assets.xcassets in Resources */ = {isa = PBXBuildFile; fileRef = 7DBE628228F546660014B8C2 /* Assets.xcassets */; };
		7DBE628628F546660014B8C2 /* Preview Assets.xcassets in Resources */ = {isa = PBXBuildFile; fileRef = 7DBE628528F546660014B8C2 /* Preview Assets.xcassets */; };
		7DBE629028F546660014B8C2 /* SpriteKitBoardGameTests.swift in Sources */ = {isa = PBXBuildFile; fileRef = 7DBE628F28F546660014B8C2 /* SpriteKitBoardGameTests.swift */; };
		7DBE629A28F546670014B8C2 /* SpriteKitBoardGameUITests.swift in Sources */ = {isa = PBXBuildFile; fileRef = 7DBE629928F546670014B8C2 /* SpriteKitBoardGameUITests.swift */; };
		7DBE629C28F546670014B8C2 /* SpriteKitBoardGameUITestsLaunchTests.swift in Sources */ = {isa = PBXBuildFile; fileRef = 7DBE629B28F546670014B8C2 /* SpriteKitBoardGameUITestsLaunchTests.swift */; };
/* End PBXBuildFile section */

/* Begin PBXContainerItemProxy section */
		7DBE628C28F546660014B8C2 /* PBXContainerItemProxy */ = {
			isa = PBXContainerItemProxy;
			containerPortal = 7DBE627328F546640014B8C2 /* Project object */;
			proxyType = 1;
			remoteGlobalIDString = 7DBE627A28F546640014B8C2;
			remoteInfo = SpriteKitBoardGame;
		};
		7DBE629628F546660014B8C2 /* PBXContainerItemProxy */ = {
			isa = PBXContainerItemProxy;
			containerPortal = 7DBE627328F546640014B8C2 /* Project object */;
			proxyType = 1;
			remoteGlobalIDString = 7DBE627A28F546640014B8C2;
			remoteInfo = SpriteKitBoardGame;
		};
/* End PBXContainerItemProxy section */

/* Begin PBXFileReference section */
		7DBE627B28F546640014B8C2 /* SpriteKitBoardGame.app */ = {isa = PBXFileReference; explicitFileType = wrapper.application; includeInIndex = 0; path = SpriteKitBoardGame.app; sourceTree = BUILT_PRODUCTS_DIR; };
		7DBE627E28F546640014B8C2 /* SpriteKitBoardGameApp.swift */ = {isa = PBXFileReference; lastKnownFileType = sourcecode.swift; path = SpriteKitBoardGameApp.swift; sourceTree = "<group>"; };
		7DBE628028F546640014B8C2 /* ContentView.swift */ = {isa = PBXFileReference; lastKnownFileType = sourcecode.swift; path = ContentView.swift; sourceTree = "<group>"; };
		7DBE628228F546660014B8C2 /* Assets.xcassets */ = {isa = PBXFileReference; lastKnownFileType = folder.assetcatalog; path = Assets.xcassets; sourceTree = "<group>"; };
		7DBE628528F546660014B8C2 /* Preview Assets.xcassets */ = {isa = PBXFileReference; lastKnownFileType = folder.assetcatalog; path = "Preview Assets.xcassets"; sourceTree = "<group>"; };
		7DBE628B28F546660014B8C2 /* SpriteKitBoardGameTests.xctest */ = {isa = PBXFileReference; explicitFileType = wrapper.cfbundle; includeInIndex = 0; path = SpriteKitBoardGameTests.xctest; sourceTree = BUILT_PRODUCTS_DIR; };
		7DBE628F28F546660014B8C2 /* SpriteKitBoardGameTests.swift */ = {isa = PBXFileReference; lastKnownFileType = sourcecode.swift; path = SpriteKitBoardGameTests.swift; sourceTree = "<group>"; };
		7DBE629528F546660014B8C2 /* SpriteKitBoardGameUITests.xctest */ = {isa = PBXFileReference; explicitFileType = wrapper.cfbundle; includeInIndex = 0; path = SpriteKitBoardGameUITests.xctest; sourceTree = BUILT_PRODUCTS_DIR; };
		7DBE629928F546670014B8C2 /* SpriteKitBoardGameUITests.swift */ = {isa = PBXFileReference; lastKnownFileType = sourcecode.swift; path = SpriteKitBoardGameUITests.swift; sourceTree = "<group>"; };
		7DBE629B28F546670014B8C2 /* SpriteKitBoardGameUITestsLaunchTests.swift */ = {isa = PBXFileReference; lastKnownFileType = sourcecode.swift; path = SpriteKitBoardGameUITestsLaunchTests.swift; sourceTree = "<group>"; };
/* End PBXFileReference section */

/* Begin PBXFrameworksBuildPhase section */
		7DBE627828F546640014B8C2 /* Frameworks */ = {
			isa = PBXFrameworksBuildPhase;
			buildActionMask = 2147483647;
			files = (
			);
			runOnlyForDeploymentPostprocessing = 0;
		};
		7DBE628828F546660014B8C2 /* Frameworks */ = {
			isa = PBXFrameworksBuildPhase;
			buildActionMask = 2147483647;
			files = (
			);
			runOnlyForDeploymentPostprocessing = 0;
		};
		7DBE629228F546660014B8C2 /* Frameworks */ = {
			isa = PBXFrameworksBuildPhase;
			buildActionMask = 2147483647;
			files = (
			);
			runOnlyForDeploymentPostprocessing = 0;
		};
/* End PBXFrameworksBuildPhase section */

/* Begin PBXGroup section */
		7DBE627228F546640014B8C2 = {
			isa = PBXGroup;
			children = (
				7DBE627D28F546640014B8C2 /* SpriteKitBoardGame */,
				7DBE628E28F546660014B8C2 /* SpriteKitBoardGameTests */,
				7DBE629828F546660014B8C2 /* SpriteKitBoardGameUITests */,
				7DBE627C28F546640014B8C2 /* Products */,
			);
			sourceTree = "<group>";
		};
		7DBE627C28F546640014B8C2 /* Products */ = {
			isa = PBXGroup;
			children = (
				7DBE627B28F546640014B8C2 /* SpriteKitBoardGame.app */,
				7DBE628B28F546660014B8C2 /* SpriteKitBoardGameTests.xctest */,
				7DBE629528F546660014B8C2 /* SpriteKitBoardGameUITests.xctest */,
			);
			name = Products;
			sourceTree = "<group>";
		};
		7DBE627D28F546640014B8C2 /* SpriteKitBoardGame */ = {
			isa = PBXGroup;
			children = (
				7DBE627E28F546640014B8C2 /* SpriteKitBoardGameApp.swift */,
				7DBE628028F546640014B8C2 /* ContentView.swift */,
				7DBE628228F546660014B8C2 /* Assets.xcassets */,
				7DBE628428F546660014B8C2 /* Preview Content */,
			);
			path = SpriteKitBoardGame;
			sourceTree = "<group>";
		};
		7DBE628428F546660014B8C2 /* Preview Content */ = {
			isa = PBXGroup;
			children = (
				7DBE628528F546660014B8C2 /* Preview Assets.xcassets */,
			);
			path = "Preview Content";
			sourceTree = "<group>";
		};
		7DBE628E28F546660014B8C2 /* SpriteKitBoardGameTests */ = {
			isa = PBXGroup;
			children = (
				7DBE628F28F546660014B8C2 /* SpriteKitBoardGameTests.swift */,
			);
			path = SpriteKitBoardGameTests;
			sourceTree = "<group>";
		};
		7DBE629828F546660014B8C2 /* SpriteKitBoardGameUITests */ = {
			isa = PBXGroup;
			children = (
				7DBE629928F546670014B8C2 /* SpriteKitBoardGameUITests.swift */,
				7DBE629B28F546670014B8C2 /* SpriteKitBoardGameUITestsLaunchTests.swift */,
			);
			path = SpriteKitBoardGameUITests;
			sourceTree = "<group>";
		};
/* End PBXGroup section */

/* Begin PBXNativeTarget section */
		7DBE627A28F546640014B8C2 /* SpriteKitBoardGame */ = {
			isa = PBXNativeTarget;
			buildConfigurationList = 7DBE629F28F546670014B8C2 /* Build configuration list for PBXNativeTarget "SpriteKitBoardGame" */;
			buildPhases = (
				7DBE627728F546640014B8C2 /* Sources */,
				7DBE627828F546640014B8C2 /* Frameworks */,
				7DBE627928F546640014B8C2 /* Resources */,
			);
			buildRules = (
			);
			dependencies = (
			);
			name = SpriteKitBoardGame;
			productName = SpriteKitBoardGame;
			productReference = 7DBE627B28F546640014B8C2 /* SpriteKitBoardGame.app */;
			productType = "com.apple.product-type.application";
		};
		7DBE628A28F546660014B8C2 /* SpriteKitBoardGameTests */ = {
			isa = PBXNativeTarget;
			buildConfigurationList = 7DBE62A228F546670014B8C2 /* Build configuration list for PBXNativeTarget "SpriteKitBoardGameTests" */;
			buildPhases = (
				7DBE628728F546660014B8C2 /* Sources */,
				7DBE628828F546660014B8C2 /* Frameworks */,
				7DBE628928F546660014B8C2 /* Resources */,
			);
			buildRules = (
			);
			dependencies = (
				7DBE628D28F546660014B8C2 /* PBXTargetDependency */,
			);
			name = SpriteKitBoardGameTests;
			productName = SpriteKitBoardGameTests;
			productReference = 7DBE628B28F546660014B8C2 /* SpriteKitBoardGameTests.xctest */;
			productType = "com.apple.product-type.bundle.unit-test";
		};
		7DBE629428F546660014B8C2 /* SpriteKitBoardGameUITests */ = {
			isa = PBXNativeTarget;
			buildConfigurationList = 7DBE62A528F546670014B8C2 /* Build configuration list for PBXNativeTarget "SpriteKitBoardGameUITests" */;
			buildPhases = (
				7DBE629128F546660014B8C2 /* Sources */,
				7DBE629228F546660014B8C2 /* Frameworks */,
				7DBE629328F546660014B8C2 /* Resources */,
			);
			buildRules = (
			);
			dependencies = (
				7DBE629728F546660014B8C2 /* PBXTargetDependency */,
			);
			name = SpriteKitBoardGameUITests;
			productName = SpriteKitBoardGameUITests;
			productReference = 7DBE629528F546660014B8C2 /* SpriteKitBoardGameUITests.xctest */;
			productType = "com.apple.product-type.bundle.ui-testing";
		};
/* End PBXNativeTarget section */

/* Begin PBXProject section */
		7DBE627328F546640014B8C2 /* Project object */ = {
			isa = PBXProject;
			attributes = {
				BuildIndependentTargetsInParallel = 1;
				LastSwiftUpdateCheck = 1400;
				LastUpgradeCheck = 1400;
				TargetAttributes = {
					7DBE627A28F546640014B8C2 = {
						CreatedOnToolsVersion = 14.0.1;
					};
					7DBE628A28F546660014B8C2 = {
						CreatedOnToolsVersion = 14.0.1;
						TestTargetID = 7DBE627A28F546640014B8C2;
					};
					7DBE629428F546660014B8C2 = {
						CreatedOnToolsVersion = 14.0.1;
						TestTargetID = 7DBE627A28F546640014B8C2;
					};
				};
			};
			buildConfigurationList = 7DBE627628F546640014B8C2 /* Build configuration list for PBXProject "SpriteKitBoardGame" */;
			compatibilityVersion = "Xcode 14.0";
			developmentRegion = en;
			hasScannedForEncodings = 0;
			knownRegions = (
				en,
				Base,
			);
			mainGroup = 7DBE627228F546640014B8C2;
			productRefGroup = 7DBE627C28F546640014B8C2 /* Products */;
			projectDirPath = "";
			projectRoot = "";
			targets = (
				7DBE627A28F546640014B8C2 /* SpriteKitBoardGame */,
				7DBE628A28F546660014B8C2 /* SpriteKitBoardGameTests */,
				7DBE629428F546660014B8C2 /* SpriteKitBoardGameUITests */,
			);
		};
/* End PBXProject section */

/* Begin PBXResourcesBuildPhase section */
		7DBE627928F546640014B8C2 /* Resources */ = {
			isa = PBXResourcesBuildPhase;
			buildActionMask = 2147483647;
			files = (
				7DBE628628F546660014B8C2 /* Preview Assets.xcassets in Resources */,
				7DBE628328F546660014B8C2 /* Assets.xcassets in Resources */,
			);
			runOnlyForDeploymentPostprocessing = 0;
		};
		7DBE628928F546660014B8C2 /* Resources */ = {
			isa = PBXResourcesBuildPhase;
			buildActionMask = 2147483647;
			files = (
			);
			runOnlyForDeploymentPostprocessing = 0;
		};
		7DBE629328F546660014B8C2 /* Resources */ = {
			isa = PBXResourcesBuildPhase;
			buildActionMask = 2147483647;
			files = (
			);
			runOnlyForDeploymentPostprocessing = 0;
		};
/* End PBXResourcesBuildPhase section */

/* Begin PBXSourcesBuildPhase section */
		7DBE627728F546640014B8C2 /* Sources */ = {
			isa = PBXSourcesBuildPhase;
			buildActionMask = 2147483647;
			files = (
				7DBE628128F546640014B8C2 /* ContentView.swift in Sources */,
				7DBE627F28F546640014B8C2 /* SpriteKitBoardGameApp.swift in Sources */,
			);
			runOnlyForDeploymentPostprocessing = 0;
		};
		7DBE628728F546660014B8C2 /* Sources */ = {
			isa = PBXSourcesBuildPhase;
			buildActionMask = 2147483647;
			files = (
				7DBE629028F546660014B8C2 /* SpriteKitBoardGameTests.swift in Sources */,
			);
			runOnlyForDeploymentPostprocessing = 0;
		};
		7DBE629128F546660014B8C2 /* Sources */ = {
			isa = PBXSourcesBuildPhase;
			buildActionMask = 2147483647;
			files = (
				7DBE629A28F546670014B8C2 /* SpriteKitBoardGameUITests.swift in Sources */,
				7DBE629C28F546670014B8C2 /* SpriteKitBoardGameUITestsLaunchTests.swift in Sources */,
			);
			runOnlyForDeploymentPostprocessing = 0;
		};
/* End PBXSourcesBuildPhase section */

/* Begin PBXTargetDependency section */
		7DBE628D28F546660014B8C2 /* PBXTargetDependency */ = {
			isa = PBXTargetDependency;
			target = 7DBE627A28F546640014B8C2 /* SpriteKitBoardGame */;
			targetProxy = 7DBE628C28F546660014B8C2 /* PBXContainerItemProxy */;
		};
		7DBE629728F546660014B8C2 /* PBXTargetDependency */ = {
			isa = PBXTargetDependency;
			target = 7DBE627A28F546640014B8C2 /* SpriteKitBoardGame */;
			targetProxy = 7DBE629628F546660014B8C2 /* PBXContainerItemProxy */;
		};
/* End PBXTargetDependency section */

/* Begin XCBuildConfiguration section */
		7DBE629D28F546670014B8C2 /* Debug */ = {
			isa = XCBuildConfiguration;
			buildSettings = {
				ALWAYS_SEARCH_USER_PATHS = NO;
				CLANG_ANALYZER_NONNULL = YES;
				CLANG_ANALYZER_NUMBER_OBJECT_CONVERSION = YES_AGGRESSIVE;
				CLANG_CXX_LANGUAGE_STANDARD = "gnu++20";
				CLANG_ENABLE_MODULES = YES;
				CLANG_ENABLE_OBJC_ARC = YES;
				CLANG_ENABLE_OBJC_WEAK = YES;
				CLANG_WARN_BLOCK_CAPTURE_AUTORELEASING = YES;
				CLANG_WARN_BOOL_CONVERSION = YES;
				CLANG_WARN_COMMA = YES;
				CLANG_WARN_CONSTANT_CONVERSION = YES;
				CLANG_WARN_DEPRECATED_OBJC_IMPLEMENTATIONS = YES;
				CLANG_WARN_DIRECT_OBJC_ISA_USAGE = YES_ERROR;
				CLANG_WARN_DOCUMENTATION_COMMENTS = YES;
				CLANG_WARN_EMPTY_BODY = YES;
				CLANG_WARN_ENUM_CONVERSION = YES;
				CLANG_WARN_INFINITE_RECURSION = YES;
				CLANG_WARN_INT_CONVERSION = YES;
				CLANG_WARN_NON_LITERAL_NULL_CONVERSION = YES;
				CLANG_WARN_OBJC_IMPLICIT_RETAIN_SELF = YES;
				CLANG_WARN_OBJC_LITERAL_CONVERSION = YES;
				CLANG_WARN_OBJC_ROOT_CLASS = YES_ERROR;
				CLANG_WARN_QUOTED_INCLUDE_IN_FRAMEWORK_HEADER = YES;
				CLANG_WARN_RANGE_LOOP_ANALYSIS = YES;
				CLANG_WARN_STRICT_PROTOTYPES = YES;
				CLANG_WARN_SUSPICIOUS_MOVE = YES;
				CLANG_WARN_UNGUARDED_AVAILABILITY = YES_AGGRESSIVE;
				CLANG_WARN_UNREACHABLE_CODE = YES;
				CLANG_WARN__DUPLICATE_METHOD_MATCH = YES;
				COPY_PHASE_STRIP = NO;
				DEBUG_INFORMATION_FORMAT = dwarf;
				ENABLE_STRICT_OBJC_MSGSEND = YES;
				ENABLE_TESTABILITY = YES;
				GCC_C_LANGUAGE_STANDARD = gnu11;
				GCC_DYNAMIC_NO_PIC = NO;
				GCC_NO_COMMON_BLOCKS = YES;
				GCC_OPTIMIZATION_LEVEL = 0;
				GCC_PREPROCESSOR_DEFINITIONS = (
					"DEBUG=1",
					"$(inherited)",
				);
				GCC_WARN_64_TO_32_BIT_CONVERSION = YES;
				GCC_WARN_ABOUT_RETURN_TYPE = YES_ERROR;
				GCC_WARN_UNDECLARED_SELECTOR = YES;
				GCC_WARN_UNINITIALIZED_AUTOS = YES_AGGRESSIVE;
				GCC_WARN_UNUSED_FUNCTION = YES;
				GCC_WARN_UNUSED_VARIABLE = YES;
				IPHONEOS_DEPLOYMENT_TARGET = 16.0;
				MTL_ENABLE_DEBUG_INFO = INCLUDE_SOURCE;
				MTL_FAST_MATH = YES;
				ONLY_ACTIVE_ARCH = YES;
				SDKROOT = iphoneos;
				SWIFT_ACTIVE_COMPILATION_CONDITIONS = DEBUG;
				SWIFT_OPTIMIZATION_LEVEL = "-Onone";
			};
			name = Debug;
		};
		7DBE629E28F546670014B8C2 /* Release */ = {
			isa = XCBuildConfiguration;
			buildSettings = {
				ALWAYS_SEARCH_USER_PATHS = NO;
				CLANG_ANALYZER_NONNULL = YES;
				CLANG_ANALYZER_NUMBER_OBJECT_CONVERSION = YES_AGGRESSIVE;
				CLANG_CXX_LANGUAGE_STANDARD = "gnu++20";
				CLANG_ENABLE_MODULES = YES;
				CLANG_ENABLE_OBJC_ARC = YES;
				CLANG_ENABLE_OBJC_WEAK = YES;
				CLANG_WARN_BLOCK_CAPTURE_AUTORELEASING = YES;
				CLANG_WARN_BOOL_CONVERSION = YES;
				CLANG_WARN_COMMA = YES;
				CLANG_WARN_CONSTANT_CONVERSION = YES;
				CLANG_WARN_DEPRECATED_OBJC_IMPLEMENTATIONS = YES;
				CLANG_WARN_DIRECT_OBJC_ISA_USAGE = YES_ERROR;
				CLANG_WARN_DOCUMENTATION_COMMENTS = YES;
				CLANG_WARN_EMPTY_BODY = YES;
				CLANG_WARN_ENUM_CONVERSION = YES;
				CLANG_WARN_INFINITE_RECURSION = YES;
				CLANG_WARN_INT_CONVERSION = YES;
				CLANG_WARN_NON_LITERAL_NULL_CONVERSION = YES;
				CLANG_WARN_OBJC_IMPLICIT_RETAIN_SELF = YES;
				CLANG_WARN_OBJC_LITERAL_CONVERSION = YES;
				CLANG_WARN_OBJC_ROOT_CLASS = YES_ERROR;
				CLANG_WARN_QUOTED_INCLUDE_IN_FRAMEWORK_HEADER = YES;
				CLANG_WARN_RANGE_LOOP_ANALYSIS = YES;
				CLANG_WARN_STRICT_PROTOTYPES = YES;
				CLANG_WARN_SUSPICIOUS_MOVE = YES;
				CLANG_WARN_UNGUARDED_AVAILABILITY = YES_AGGRESSIVE;
				CLANG_WARN_UNREACHABLE_CODE = YES;
				CLANG_WARN__DUPLICATE_METHOD_MATCH = YES;
				COPY_PHASE_STRIP = NO;
				DEBUG_INFORMATION_FORMAT = "dwarf-with-dsym";
				ENABLE_NS_ASSERTIONS = NO;
				ENABLE_STRICT_OBJC_MSGSEND = YES;
				GCC_C_LANGUAGE_STANDARD = gnu11;
				GCC_NO_COMMON_BLOCKS = YES;
				GCC_WARN_64_TO_32_BIT_CONVERSION = YES;
				GCC_WARN_ABOUT_RETURN_TYPE = YES_ERROR;
				GCC_WARN_UNDECLARED_SELECTOR = YES;
				GCC_WARN_UNINITIALIZED_AUTOS = YES_AGGRESSIVE;
				GCC_WARN_UNUSED_FUNCTION = YES;
				GCC_WARN_UNUSED_VARIABLE = YES;
				IPHONEOS_DEPLOYMENT_TARGET = 16.0;
				MTL_ENABLE_DEBUG_INFO = NO;
				MTL_FAST_MATH = YES;
				SDKROOT = iphoneos;
				SWIFT_COMPILATION_MODE = wholemodule;
				SWIFT_OPTIMIZATION_LEVEL = "-O";
				VALIDATE_PRODUCT = YES;
			};
			name = Release;
		};
		7DBE62A028F546670014B8C2 /* Debug */ = {
			isa = XCBuildConfiguration;
			buildSettings = {
				ASSETCATALOG_COMPILER_APPICON_NAME = AppIcon;
				ASSETCATALOG_COMPILER_GLOBAL_ACCENT_COLOR_NAME = AccentColor;
				CODE_SIGN_STYLE = Automatic;
				CURRENT_PROJECT_VERSION = 1;
				DEVELOPMENT_ASSET_PATHS = "\"SpriteKitBoardGame/Preview Content\"";
				DEVELOPMENT_TEAM = YA2L55RA8L;
				ENABLE_PREVIEWS = YES;
				GENERATE_INFOPLIST_FILE = YES;
				INFOPLIST_KEY_UIApplicationSceneManifest_Generation = YES;
				INFOPLIST_KEY_UIApplicationSupportsIndirectInputEvents = YES;
				INFOPLIST_KEY_UILaunchScreen_Generation = YES;
				INFOPLIST_KEY_UISupportedInterfaceOrientations_iPad = "UIInterfaceOrientationPortrait UIInterfaceOrientationPortraitUpsideDown UIInterfaceOrientationLandscapeLeft UIInterfaceOrientationLandscapeRight";
				INFOPLIST_KEY_UISupportedInterfaceOrientations_iPhone = "UIInterfaceOrientationPortrait UIInterfaceOrientationLandscapeLeft UIInterfaceOrientationLandscapeRight";
				LD_RUNPATH_SEARCH_PATHS = (
					"$(inherited)",
					"@executable_path/Frameworks",
				);
				MARKETING_VERSION = 1.0;
				PRODUCT_BUNDLE_IDENTIFIER = com.kristantosean.SpriteKitBoardGame;
				PRODUCT_NAME = "$(TARGET_NAME)";
				SWIFT_EMIT_LOC_STRINGS = YES;
				SWIFT_VERSION = 5.0;
				TARGETED_DEVICE_FAMILY = "1,2";
			};
			name = Debug;
		};
		7DBE62A128F546670014B8C2 /* Release */ = {
			isa = XCBuildConfiguration;
			buildSettings = {
				ASSETCATALOG_COMPILER_APPICON_NAME = AppIcon;
				ASSETCATALOG_COMPILER_GLOBAL_ACCENT_COLOR_NAME = AccentColor;
				CODE_SIGN_STYLE = Automatic;
				CURRENT_PROJECT_VERSION = 1;
				DEVELOPMENT_ASSET_PATHS = "\"SpriteKitBoardGame/Preview Content\"";
				DEVELOPMENT_TEAM = YA2L55RA8L;
				ENABLE_PREVIEWS = YES;
				GENERATE_INFOPLIST_FILE = YES;
				INFOPLIST_KEY_UIApplicationSceneManifest_Generation = YES;
				INFOPLIST_KEY_UIApplicationSupportsIndirectInputEvents = YES;
				INFOPLIST_KEY_UILaunchScreen_Generation = YES;
				INFOPLIST_KEY_UISupportedInterfaceOrientations_iPad = "UIInterfaceOrientationPortrait UIInterfaceOrientationPortraitUpsideDown UIInterfaceOrientationLandscapeLeft UIInterfaceOrientationLandscapeRight";
				INFOPLIST_KEY_UISupportedInterfaceOrientations_iPhone = "UIInterfaceOrientationPortrait UIInterfaceOrientationLandscapeLeft UIInterfaceOrientationLandscapeRight";
				LD_RUNPATH_SEARCH_PATHS = (
					"$(inherited)",
					"@executable_path/Frameworks",
				);
				MARKETING_VERSION = 1.0;
				PRODUCT_BUNDLE_IDENTIFIER = com.kristantosean.SpriteKitBoardGame;
				PRODUCT_NAME = "$(TARGET_NAME)";
				SWIFT_EMIT_LOC_STRINGS = YES;
				SWIFT_VERSION = 5.0;
				TARGETED_DEVICE_FAMILY = "1,2";
			};
			name = Release;
		};
		7DBE62A328F546670014B8C2 /* Debug */ = {
			isa = XCBuildConfiguration;
			buildSettings = {
				ALWAYS_EMBED_SWIFT_STANDARD_LIBRARIES = YES;
				BUNDLE_LOADER = "$(TEST_HOST)";
				CODE_SIGN_STYLE = Automatic;
				CURRENT_PROJECT_VERSION = 1;
				DEVELOPMENT_TEAM = YA2L55RA8L;
				GENERATE_INFOPLIST_FILE = YES;
				IPHONEOS_DEPLOYMENT_TARGET = 16.0;
				MARKETING_VERSION = 1.0;
				PRODUCT_BUNDLE_IDENTIFIER = com.kristantosean.SpriteKitBoardGameTests;
				PRODUCT_NAME = "$(TARGET_NAME)";
				SWIFT_EMIT_LOC_STRINGS = NO;
				SWIFT_VERSION = 5.0;
				TARGETED_DEVICE_FAMILY = "1,2";
				TEST_HOST = "$(BUILT_PRODUCTS_DIR)/SpriteKitBoardGame.app/$(BUNDLE_EXECUTABLE_FOLDER_PATH)/SpriteKitBoardGame";
			};
			name = Debug;
		};
		7DBE62A428F546670014B8C2 /* Release */ = {
			isa = XCBuildConfiguration;
			buildSettings = {
				ALWAYS_EMBED_SWIFT_STANDARD_LIBRARIES = YES;
				BUNDLE_LOADER = "$(TEST_HOST)";
				CODE_SIGN_STYLE = Automatic;
				CURRENT_PROJECT_VERSION = 1;
				DEVELOPMENT_TEAM = YA2L55RA8L;
				GENERATE_INFOPLIST_FILE = YES;
				IPHONEOS_DEPLOYMENT_TARGET = 16.0;
				MARKETING_VERSION = 1.0;
				PRODUCT_BUNDLE_IDENTIFIER = com.kristantosean.SpriteKitBoardGameTests;
				PRODUCT_NAME = "$(TARGET_NAME)";
				SWIFT_EMIT_LOC_STRINGS = NO;
				SWIFT_VERSION = 5.0;
				TARGETED_DEVICE_FAMILY = "1,2";
				TEST_HOST = "$(BUILT_PRODUCTS_DIR)/SpriteKitBoardGame.app/$(BUNDLE_EXECUTABLE_FOLDER_PATH)/SpriteKitBoardGame";
			};
			name = Release;
		};
		7DBE62A628F546670014B8C2 /* Debug */ = {
			isa = XCBuildConfiguration;
			buildSettings = {
				ALWAYS_EMBED_SWIFT_STANDARD_LIBRARIES = YES;
				CODE_SIGN_STYLE = Automatic;
				CURRENT_PROJECT_VERSION = 1;
				DEVELOPMENT_TEAM = YA2L55RA8L;
				GENERATE_INFOPLIST_FILE = YES;
				MARKETING_VERSION = 1.0;
				PRODUCT_BUNDLE_IDENTIFIER = com.kristantosean.SpriteKitBoardGameUITests;
				PRODUCT_NAME = "$(TARGET_NAME)";
				SWIFT_EMIT_LOC_STRINGS = NO;
				SWIFT_VERSION = 5.0;
				TARGETED_DEVICE_FAMILY = "1,2";
				TEST_TARGET_NAME = SpriteKitBoardGame;
			};
			name = Debug;
		};
		7DBE62A728F546670014B8C2 /* Release */ = {
			isa = XCBuildConfiguration;
			buildSettings = {
				ALWAYS_EMBED_SWIFT_STANDARD_LIBRARIES = YES;
				CODE_SIGN_STYLE = Automatic;
				CURRENT_PROJECT_VERSION = 1;
				DEVELOPMENT_TEAM = YA2L55RA8L;
				GENERATE_INFOPLIST_FILE = YES;
				MARKETING_VERSION = 1.0;
				PRODUCT_BUNDLE_IDENTIFIER = com.kristantosean.SpriteKitBoardGameUITests;
				PRODUCT_NAME = "$(TARGET_NAME)";
				SWIFT_EMIT_LOC_STRINGS = NO;
				SWIFT_VERSION = 5.0;
				TARGETED_DEVICE_FAMILY = "1,2";
				TEST_TARGET_NAME = SpriteKitBoardGame;
			};
			name = Release;
		};
/* End XCBuildConfiguration section */

/* Begin XCConfigurationList section */
		7DBE627628F546640014B8C2 /* Build configuration list for PBXProject "SpriteKitBoardGame" */ = {
			isa = XCConfigurationList;
			buildConfigurations = (
				7DBE629D28F546670014B8C2 /* Debug */,
				7DBE629E28F546670014B8C2 /* Release */,
			);
			defaultConfigurationIsVisible = 0;
			defaultConfigurationName = Release;
		};
		7DBE629F28F546670014B8C2 /* Build configuration list for PBXNativeTarget "SpriteKitBoardGame" */ = {
			isa = XCConfigurationList;
			buildConfigurations = (
				7DBE62A028F546670014B8C2 /* Debug */,
				7DBE62A128F546670014B8C2 /* Release */,
			);
			defaultConfigurationIsVisible = 0;
			defaultConfigurationName = Release;
		};
		7DBE62A228F546670014B8C2 /* Build configuration list for PBXNativeTarget "SpriteKitBoardGameTests" */ = {
			isa = XCConfigurationList;
			buildConfigurations = (
				7DBE62A328F546670014B8C2 /* Debug */,
				7DBE62A428F546670014B8C2 /* Release */,
			);
			defaultConfigurationIsVisible = 0;
			defaultConfigurationName = Release;
		};
		7DBE62A528F546670014B8C2 /* Build configuration list for PBXNativeTarget "SpriteKitBoardGameUITests" */ = {
			isa = XCConfigurationList;
			buildConfigurations = (
				7DBE62A628F546670014B8C2 /* Debug */,
				7DBE62A728F546670014B8C2 /* Release */,
			);
			defaultConfigurationIsVisible = 0;
			defaultConfigurationName = Release;
		};
/* End XCConfigurationList section */
	};
	rootObject = 7DBE627328F546640014B8C2 /* Project object */;
}
